// !$*UTF8*$!
{
	archiveVersion = 1;
	classes = {
	};
	objectVersion = 46;
	objects = {

/* Begin PBXBuildFile section */
		43E39C721B31506700270D70 /* AppDelegate.swift in Sources */ = {isa = PBXBuildFile; fileRef = 43E39C711B31506700270D70 /* AppDelegate.swift */; };
		43E39C741B31506700270D70 /* ViewController.swift in Sources */ = {isa = PBXBuildFile; fileRef = 43E39C731B31506700270D70 /* ViewController.swift */; };
		43E39C771B31506700270D70 /* Main.storyboard in Resources */ = {isa = PBXBuildFile; fileRef = 43E39C751B31506700270D70 /* Main.storyboard */; };
		43E39C791B31506700270D70 /* Images.xcassets in Resources */ = {isa = PBXBuildFile; fileRef = 43E39C781B31506700270D70 /* Images.xcassets */; };
		43E39C7C1B31506700270D70 /* LaunchScreen.xib in Resources */ = {isa = PBXBuildFile; fileRef = 43E39C7A1B31506700270D70 /* LaunchScreen.xib */; };
		43E39C881B31506800270D70 /* ShakeAndSwipeTests.swift in Sources */ = {isa = PBXBuildFile; fileRef = 43E39C871B31506800270D70 /* ShakeAndSwipeTests.swift */; };
/* End PBXBuildFile section */

/* Begin PBXContainerItemProxy section */
		43E39C821B31506800270D70 /* PBXContainerItemProxy */ = {
			isa = PBXContainerItemProxy;
			containerPortal = 43E39C641B31506700270D70 /* Project object */;
			proxyType = 1;
			remoteGlobalIDString = 43E39C6B1B31506700270D70;
			remoteInfo = ShakeAndSwipe;
		};
/* End PBXContainerItemProxy section */

/* Begin PBXFileReference section */
		43E39C6C1B31506700270D70 /* ShakeAndSwipe.app */ = {isa = PBXFileReference; explicitFileType = wrapper.application; includeInIndex = 0; path = ShakeAndSwipe.app; sourceTree = BUILT_PRODUCTS_DIR; };
		43E39C701B31506700270D70 /* Info.plist */ = {isa = PBXFileReference; lastKnownFileType = text.plist.xml; path = Info.plist; sourceTree = "<group>"; };
		43E39C711B31506700270D70 /* AppDelegate.swift */ = {isa = PBXFileReference; lastKnownFileType = sourcecode.swift; path = AppDelegate.swift; sourceTree = "<group>"; };
		43E39C731B31506700270D70 /* ViewController.swift */ = {isa = PBXFileReference; lastKnownFileType = sourcecode.swift; path = ViewController.swift; sourceTree = "<group>"; };
		43E39C761B31506700270D70 /* Base */ = {isa = PBXFileReference; lastKnownFileType = file.storyboard; name = Base; path = Base.lproj/Main.storyboard; sourceTree = "<group>"; };
		43E39C781B31506700270D70 /* Images.xcassets */ = {isa = PBXFileReference; lastKnownFileType = folder.assetcatalog; path = Images.xcassets; sourceTree = "<group>"; };
		43E39C7B1B31506700270D70 /* Base */ = {isa = PBXFileReference; lastKnownFileType = file.xib; name = Base; path = Base.lproj/LaunchScreen.xib; sourceTree = "<group>"; };
		43E39C811B31506800270D70 /* ShakeAndSwipeTests.xctest */ = {isa = PBXFileReference; explicitFileType = wrapper.cfbundle; includeInIndex = 0; path = ShakeAndSwipeTests.xctest; sourceTree = BUILT_PRODUCTS_DIR; };
		43E39C861B31506800270D70 /* Info.plist */ = {isa = PBXFileReference; lastKnownFileType = text.plist.xml; path = Info.plist; sourceTree = "<group>"; };
		43E39C871B31506800270D70 /* ShakeAndSwipeTests.swift */ = {isa = PBXFileReference; lastKnownFileType = sourcecode.swift; path = ShakeAndSwipeTests.swift; sourceTree = "<group>"; };
/* End PBXFileReference section */

/* Begin PBXFrameworksBuildPhase section */
		43E39C691B31506700270D70 /* Frameworks */ = {
			isa = PBXFrameworksBuildPhase;
			buildActionMask = 2147483647;
			files = (
			);
			runOnlyForDeploymentPostprocessing = 0;
		};
		43E39C7E1B31506800270D70 /* Frameworks */ = {
			isa = PBXFrameworksBuildPhase;
			buildActionMask = 2147483647;
			files = (
			);
			runOnlyForDeploymentPostprocessing = 0;
		};
/* End PBXFrameworksBuildPhase section */

/* Begin PBXGroup section */
		43E39C631B31506700270D70 = {
			isa = PBXGroup;
			children = (
				43E39C6E1B31506700270D70 /* ShakeAndSwipe */,
				43E39C841B31506800270D70 /* ShakeAndSwipeTests */,
				43E39C6D1B31506700270D70 /* Products */,
			);
			sourceTree = "<group>";
		};
		43E39C6D1B31506700270D70 /* Products */ = {
			isa = PBXGroup;
			children = (
				43E39C6C1B31506700270D70 /* ShakeAndSwipe.app */,
				43E39C811B31506800270D70 /* ShakeAndSwipeTests.xctest */,
			);
			name = Products;
			sourceTree = "<group>";
		};
		43E39C6E1B31506700270D70 /* ShakeAndSwipe */ = {
			isa = PBXGroup;
			children = (
				43E39C711B31506700270D70 /* AppDelegate.swift */,
				43E39C731B31506700270D70 /* ViewController.swift */,
				43E39C751B31506700270D70 /* Main.storyboard */,
				43E39C781B31506700270D70 /* Images.xcassets */,
				43E39C7A1B31506700270D70 /* LaunchScreen.xib */,
				43E39C6F1B31506700270D70 /* Supporting Files */,
			);
			path = ShakeAndSwipe;
			sourceTree = "<group>";
		};
		43E39C6F1B31506700270D70 /* Supporting Files */ = {
			isa = PBXGroup;
			children = (
				43E39C701B31506700270D70 /* Info.plist */,
			);
			name = "Supporting Files";
			sourceTree = "<group>";
		};
		43E39C841B31506800270D70 /* ShakeAndSwipeTests */ = {
			isa = PBXGroup;
			children = (
				43E39C871B31506800270D70 /* ShakeAndSwipeTests.swift */,
				43E39C851B31506800270D70 /* Supporting Files */,
			);
			path = ShakeAndSwipeTests;
			sourceTree = "<group>";
		};
		43E39C851B31506800270D70 /* Supporting Files */ = {
			isa = PBXGroup;
			children = (
				43E39C861B31506800270D70 /* Info.plist */,
			);
			name = "Supporting Files";
			sourceTree = "<group>";
		};
/* End PBXGroup section */

/* Begin PBXNativeTarget section */
		43E39C6B1B31506700270D70 /* ShakeAndSwipe */ = {
			isa = PBXNativeTarget;
			buildConfigurationList = 43E39C8B1B31506800270D70 /* Build configuration list for PBXNativeTarget "ShakeAndSwipe" */;
			buildPhases = (
				43E39C681B31506700270D70 /* Sources */,
				43E39C691B31506700270D70 /* Frameworks */,
				43E39C6A1B31506700270D70 /* Resources */,
			);
			buildRules = (
			);
			dependencies = (
			);
			name = ShakeAndSwipe;
			productName = ShakeAndSwipe;
			productReference = 43E39C6C1B31506700270D70 /* ShakeAndSwipe.app */;
			productType = "com.apple.product-type.application";
		};
		43E39C801B31506800270D70 /* ShakeAndSwipeTests */ = {
			isa = PBXNativeTarget;
			buildConfigurationList = 43E39C8E1B31506800270D70 /* Build configuration list for PBXNativeTarget "ShakeAndSwipeTests" */;
			buildPhases = (
				43E39C7D1B31506800270D70 /* Sources */,
				43E39C7E1B31506800270D70 /* Frameworks */,
				43E39C7F1B31506800270D70 /* Resources */,
			);
			buildRules = (
			);
			dependencies = (
				43E39C831B31506800270D70 /* PBXTargetDependency */,
			);
			name = ShakeAndSwipeTests;
			productName = ShakeAndSwipeTests;
			productReference = 43E39C811B31506800270D70 /* ShakeAndSwipeTests.xctest */;
			productType = "com.apple.product-type.bundle.unit-test";
		};
/* End PBXNativeTarget section */

/* Begin PBXProject section */
		43E39C641B31506700270D70 /* Project object */ = {
			isa = PBXProject;
			attributes = {
				LastUpgradeCheck = 0630;
				ORGANIZATIONNAME = "Seo Yoochan";
				TargetAttributes = {
					43E39C6B1B31506700270D70 = {
						CreatedOnToolsVersion = 6.3.2;
					};
					43E39C801B31506800270D70 = {
						CreatedOnToolsVersion = 6.3.2;
						TestTargetID = 43E39C6B1B31506700270D70;
					};
				};
			};
			buildConfigurationList = 43E39C671B31506700270D70 /* Build configuration list for PBXProject "ShakeAndSwipe" */;
			compatibilityVersion = "Xcode 3.2";
			developmentRegion = English;
			hasScannedForEncodings = 0;
			knownRegions = (
				en,
				Base,
			);
			mainGroup = 43E39C631B31506700270D70;
			productRefGroup = 43E39C6D1B31506700270D70 /* Products */;
			projectDirPath = "";
			projectRoot = "";
			targets = (
				43E39C6B1B31506700270D70 /* ShakeAndSwipe */,
				43E39C801B31506800270D70 /* ShakeAndSwipeTests */,
			);
		};
/* End PBXProject section */

/* Begin PBXResourcesBuildPhase section */
		43E39C6A1B31506700270D70 /* Resources */ = {
			isa = PBXResourcesBuildPhase;
			buildActionMask = 2147483647;
			files = (
				43E39C771B31506700270D70 /* Main.storyboard in Resources */,
				43E39C7C1B31506700270D70 /* LaunchScreen.xib in Resources */,
				43E39C791B31506700270D70 /* Images.xcassets in Resources */,
			);
			runOnlyForDeploymentPostprocessing = 0;
		};
		43E39C7F1B31506800270D70 /* Resources */ = {
			isa = PBXResourcesBuildPhase;
			buildActionMask = 2147483647;
			files = (
			);
			runOnlyForDeploymentPostprocessing = 0;
		};
/* End PBXResourcesBuildPhase section */

/* Begin PBXSourcesBuildPhase section */
		43E39C681B31506700270D70 /* Sources */ = {
			isa = PBXSourcesBuildPhase;
			buildActionMask = 2147483647;
			files = (
				43E39C741B31506700270D70 /* ViewController.swift in Sources */,
				43E39C721B31506700270D70 /* AppDelegate.swift in Sources */,
			);
			runOnlyForDeploymentPostprocessing = 0;
		};
		43E39C7D1B31506800270D70 /* Sources */ = {
			isa = PBXSourcesBuildPhase;
			buildActionMask = 2147483647;
			files = (
				43E39C881B31506800270D70 /* ShakeAndSwipeTests.swift in Sources */,
			);
			runOnlyForDeploymentPostprocessing = 0;
		};
/* End PBXSourcesBuildPhase section */

/* Begin PBXTargetDependency section */
		43E39C831B31506800270D70 /* PBXTargetDependency */ = {
			isa = PBXTargetDependency;
			target = 43E39C6B1B31506700270D70 /* ShakeAndSwipe */;
			targetProxy = 43E39C821B31506800270D70 /* PBXContainerItemProxy */;
		};
/* End PBXTargetDependency section */

/* Begin PBXVariantGroup section */
		43E39C751B31506700270D70 /* Main.storyboard */ = {
			isa = PBXVariantGroup;
			children = (
				43E39C761B31506700270D70 /* Base */,
			);
			name = Main.storyboard;
			sourceTree = "<group>";
		};
		43E39C7A1B31506700270D70 /* LaunchScreen.xib */ = {
			isa = PBXVariantGroup;
			children = (
				43E39C7B1B31506700270D70 /* Base */,
			);
			name = LaunchScreen.xib;
			sourceTree = "<group>";
		};
/* End PBXVariantGroup section */

/* Begin XCBuildConfiguration section */
		43E39C891B31506800270D70 /* Debug */ = {
			isa = XCBuildConfiguration;
			buildSettings = {
				ALWAYS_SEARCH_USER_PATHS = NO;
				CLANG_CXX_LANGUAGE_STANDARD = "gnu++0x";
				CLANG_CXX_LIBRARY = "libc++";
				CLANG_ENABLE_MODULES = YES;
				CLANG_ENABLE_OBJC_ARC = YES;
				CLANG_WARN_BOOL_CONVERSION = YES;
				CLANG_WARN_CONSTANT_CONVERSION = YES;
				CLANG_WARN_DIRECT_OBJC_ISA_USAGE = YES_ERROR;
				CLANG_WARN_EMPTY_BODY = YES;
				CLANG_WARN_ENUM_CONVERSION = YES;
				CLANG_WARN_INT_CONVERSION = YES;
				CLANG_WARN_OBJC_ROOT_CLASS = YES_ERROR;
				CLANG_WARN_UNREACHABLE_CODE = YES;
				CLANG_WARN__DUPLICATE_METHOD_MATCH = YES;
				"CODE_SIGN_IDENTITY[sdk=iphoneos*]" = "iPhone Developer";
				COPY_PHASE_STRIP = NO;
				DEBUG_INFORMATION_FORMAT = "dwarf-with-dsym";
				ENABLE_STRICT_OBJC_MSGSEND = YES;
				GCC_C_LANGUAGE_STANDARD = gnu99;
				GCC_DYNAMIC_NO_PIC = NO;
				GCC_NO_COMMON_BLOCKS = YES;
				GCC_OPTIMIZATION_LEVEL = 0;
				GCC_PREPROCESSOR_DEFINITIONS = (
					"DEBUG=1",
					"$(inherited)",
				);
				GCC_SYMBOLS_PRIVATE_EXTERN = NO;
				GCC_WARN_64_TO_32_BIT_CONVERSION = YES;
				GCC_WARN_ABOUT_RETURN_TYPE = YES_ERROR;
				GCC_WARN_UNDECLARED_SELECTOR = YES;
				GCC_WARN_UNINITIALIZED_AUTOS = YES_AGGRESSIVE;
				GCC_WARN_UNUSED_FUNCTION = YES;
				GCC_WARN_UNUSED_VARIABLE = YES;
				IPHONEOS_DEPLOYMENT_TARGET = 8.3;
				MTL_ENABLE_DEBUG_INFO = YES;
				ONLY_ACTIVE_ARCH = YES;
				SDKROOT = iphoneos;
				SWIFT_OPTIMIZATION_LEVEL = "-Onone";
			};
			name = Debug;
		};
		43E39C8A1B31506800270D70 /* Release */ = {
			isa = XCBuildConfiguration;
			buildSettings = {
				ALWAYS_SEARCH_USER_PATHS = NO;
				CLANG_CXX_LANGUAGE_STANDARD = "gnu++0x";
				CLANG_CXX_LIBRARY = "libc++";
				CLANG_ENABLE_MODULES = YES;
				CLANG_ENABLE_OBJC_ARC = YES;
				CLANG_WARN_BOOL_CONVERSION = YES;
				CLANG_WARN_CONSTANT_CONVERSION = YES;
				CLANG_WARN_DIRECT_OBJC_ISA_USAGE = YES_ERROR;
				CLANG_WARN_EMPTY_BODY = YES;
				CLANG_WARN_ENUM_CONVERSION = YES;
				CLANG_WARN_INT_CONVERSION = YES;
				CLANG_WARN_OBJC_ROOT_CLASS = YES_ERROR;
				CLANG_WARN_UNREACHABLE_CODE = YES;
				CLANG_WARN__DUPLICATE_METHOD_MATCH = YES;
				"CODE_SIGN_IDENTITY[sdk=iphoneos*]" = "iPhone Developer";
				COPY_PHASE_STRIP = NO;
				DEBUG_INFORMATION_FORMAT = "dwarf-with-dsym";
				ENABLE_NS_ASSERTIONS = NO;
				ENABLE_STRICT_OBJC_MSGSEND = YES;
				GCC_C_LANGUAGE_STANDARD = gnu99;
				GCC_NO_COMMON_BLOCKS = YES;
				GCC_WARN_64_TO_32_BIT_CONVERSION = YES;
				GCC_WARN_ABOUT_RETURN_TYPE = YES_ERROR;
				GCC_WARN_UNDECLARED_SELECTOR = YES;
				GCC_WARN_UNINITIALIZED_AUTOS = YES_AGGRESSIVE;
				GCC_WARN_UNUSED_FUNCTION = YES;
				GCC_WARN_UNUSED_VARIABLE = YES;
				IPHONEOS_DEPLOYMENT_TARGET = 8.3;
				MTL_ENABLE_DEBUG_INFO = NO;
				SDKROOT = iphoneos;
				VALIDATE_PRODUCT = YES;
			};
			name = Release;
		};
		43E39C8C1B31506800270D70 /* Debug */ = {
			isa = XCBuildConfiguration;
			buildSettings = {
				ASSETCATALOG_COMPILER_APPICON_NAME = AppIcon;
				INFOPLIST_FILE = ShakeAndSwipe/Info.plist;
				LD_RUNPATH_SEARCH_PATHS = "$(inherited) @executable_path/Frameworks";
				PRODUCT_NAME = "$(TARGET_NAME)";
			};
			name = Debug;
		};
		43E39C8D1B31506800270D70 /* Release */ = {
			isa = XCBuildConfiguration;
			buildSettings = {
				ASSETCATALOG_COMPILER_APPICON_NAME = AppIcon;
				INFOPLIST_FILE = ShakeAndSwipe/Info.plist;
				LD_RUNPATH_SEARCH_PATHS = "$(inherited) @executable_path/Frameworks";
				PRODUCT_NAME = "$(TARGET_NAME)";
			};
			name = Release;
		};
		43E39C8F1B31506800270D70 /* Debug */ = {
			isa = XCBuildConfiguration;
			buildSettings = {
				BUNDLE_LOADER = "$(TEST_HOST)";
				FRAMEWORK_SEARCH_PATHS = (
					"$(SDKROOT)/Developer/Library/Frameworks",
					"$(inherited)",
				);
				GCC_PREPROCESSOR_DEFINITIONS = (
					"DEBUG=1",
					"$(inherited)",
				);
				INFOPLIST_FILE = ShakeAndSwipeTests/Info.plist;
				LD_RUNPATH_SEARCH_PATHS = "$(inherited) @executable_path/Frameworks @loader_path/Frameworks";
				PRODUCT_NAME = "$(TARGET_NAME)";
				TEST_HOST = "$(BUILT_PRODUCTS_DIR)/ShakeAndSwipe.app/ShakeAndSwipe";
			};
			name = Debug;
		};
		43E39C901B31506800270D70 /* Release */ = {
			isa = XCBuildConfiguration;
			buildSettings = {
				BUNDLE_LOADER = "$(TEST_HOST)";
				FRAMEWORK_SEARCH_PATHS = (
					"$(SDKROOT)/Developer/Library/Frameworks",
					"$(inherited)",
				);
				INFOPLIST_FILE = ShakeAndSwipeTests/Info.plist;
				LD_RUNPATH_SEARCH_PATHS = "$(inherited) @executable_path/Frameworks @loader_path/Frameworks";
				PRODUCT_NAME = "$(TARGET_NAME)";
				TEST_HOST = "$(BUILT_PRODUCTS_DIR)/ShakeAndSwipe.app/ShakeAndSwipe";
			};
			name = Release;
		};
/* End XCBuildConfiguration section */

/* Begin XCConfigurationList section */
		43E39C671B31506700270D70 /* Build configuration list for PBXProject "ShakeAndSwipe" */ = {
			isa = XCConfigurationList;
			buildConfigurations = (
				43E39C891B31506800270D70 /* Debug */,
				43E39C8A1B31506800270D70 /* Release */,
			);
			defaultConfigurationIsVisible = 0;
			defaultConfigurationName = Release;
		};
		43E39C8B1B31506800270D70 /* Build configuration list for PBXNativeTarget "ShakeAndSwipe" */ = {
			isa = XCConfigurationList;
			buildConfigurations = (
				43E39C8C1B31506800270D70 /* Debug */,
				43E39C8D1B31506800270D70 /* Release */,
			);
			defaultConfigurationIsVisible = 0;
		};
		43E39C8E1B31506800270D70 /* Build configuration list for PBXNativeTarget "ShakeAndSwipeTests" */ = {
			isa = XCConfigurationList;
			buildConfigurations = (
				43E39C8F1B31506800270D70 /* Debug */,
				43E39C901B31506800270D70 /* Release */,
			);
			defaultConfigurationIsVisible = 0;
		};
/* End XCConfigurationList section */
	};
	rootObject = 43E39C641B31506700270D70 /* Project object */;
}
