// !$*UTF8*$!
{
	archiveVersion = 1;
	classes = {
	};
	objectVersion = 46;
	objects = {

/* Begin PBXBuildFile section */
		43B5FBBB1B25A5F10065DC85 /* AppDelegate.swift in Sources */ = {isa = PBXBuildFile; fileRef = 43B5FBBA1B25A5F10065DC85 /* AppDelegate.swift */; };
		43B5FBBD1B25A5F10065DC85 /* ViewController.swift in Sources */ = {isa = PBXBuildFile; fileRef = 43B5FBBC1B25A5F10065DC85 /* ViewController.swift */; };
		43B5FBC01B25A5F10065DC85 /* Main.storyboard in Resources */ = {isa = PBXBuildFile; fileRef = 43B5FBBE1B25A5F10065DC85 /* Main.storyboard */; };
		43B5FBC21B25A5F10065DC85 /* Images.xcassets in Resources */ = {isa = PBXBuildFile; fileRef = 43B5FBC11B25A5F10065DC85 /* Images.xcassets */; };
		43B5FBC51B25A5F10065DC85 /* LaunchScreen.xib in Resources */ = {isa = PBXBuildFile; fileRef = 43B5FBC31B25A5F10065DC85 /* LaunchScreen.xib */; };
		43B5FBD11B25A5F20065DC85 /* DownloadWebContentTests.swift in Sources */ = {isa = PBXBuildFile; fileRef = 43B5FBD01B25A5F20065DC85 /* DownloadWebContentTests.swift */; };
/* End PBXBuildFile section */

/* Begin PBXContainerItemProxy section */
		43B5FBCB1B25A5F20065DC85 /* PBXContainerItemProxy */ = {
			isa = PBXContainerItemProxy;
			containerPortal = 43B5FBAD1B25A5F10065DC85 /* Project object */;
			proxyType = 1;
			remoteGlobalIDString = 43B5FBB41B25A5F10065DC85;
			remoteInfo = DownloadWebContent;
		};
/* End PBXContainerItemProxy section */

/* Begin PBXFileReference section */
		43B5FBB51B25A5F10065DC85 /* DownloadWebContent.app */ = {isa = PBXFileReference; explicitFileType = wrapper.application; includeInIndex = 0; path = DownloadWebContent.app; sourceTree = BUILT_PRODUCTS_DIR; };
		43B5FBB91B25A5F10065DC85 /* Info.plist */ = {isa = PBXFileReference; lastKnownFileType = text.plist.xml; path = Info.plist; sourceTree = "<group>"; };
		43B5FBBA1B25A5F10065DC85 /* AppDelegate.swift */ = {isa = PBXFileReference; lastKnownFileType = sourcecode.swift; path = AppDelegate.swift; sourceTree = "<group>"; };
		43B5FBBC1B25A5F10065DC85 /* ViewController.swift */ = {isa = PBXFileReference; lastKnownFileType = sourcecode.swift; path = ViewController.swift; sourceTree = "<group>"; };
		43B5FBBF1B25A5F10065DC85 /* Base */ = {isa = PBXFileReference; lastKnownFileType = file.storyboard; name = Base; path = Base.lproj/Main.storyboard; sourceTree = "<group>"; };
		43B5FBC11B25A5F10065DC85 /* Images.xcassets */ = {isa = PBXFileReference; lastKnownFileType = folder.assetcatalog; path = Images.xcassets; sourceTree = "<group>"; };
		43B5FBC41B25A5F10065DC85 /* Base */ = {isa = PBXFileReference; lastKnownFileType = file.xib; name = Base; path = Base.lproj/LaunchScreen.xib; sourceTree = "<group>"; };
		43B5FBCA1B25A5F20065DC85 /* DownloadWebContentTests.xctest */ = {isa = PBXFileReference; explicitFileType = wrapper.cfbundle; includeInIndex = 0; path = DownloadWebContentTests.xctest; sourceTree = BUILT_PRODUCTS_DIR; };
		43B5FBCF1B25A5F20065DC85 /* Info.plist */ = {isa = PBXFileReference; lastKnownFileType = text.plist.xml; path = Info.plist; sourceTree = "<group>"; };
		43B5FBD01B25A5F20065DC85 /* DownloadWebContentTests.swift */ = {isa = PBXFileReference; lastKnownFileType = sourcecode.swift; path = DownloadWebContentTests.swift; sourceTree = "<group>"; };
/* End PBXFileReference section */

/* Begin PBXFrameworksBuildPhase section */
		43B5FBB21B25A5F10065DC85 /* Frameworks */ = {
			isa = PBXFrameworksBuildPhase;
			buildActionMask = 2147483647;
			files = (
			);
			runOnlyForDeploymentPostprocessing = 0;
		};
		43B5FBC71B25A5F20065DC85 /* Frameworks */ = {
			isa = PBXFrameworksBuildPhase;
			buildActionMask = 2147483647;
			files = (
			);
			runOnlyForDeploymentPostprocessing = 0;
		};
/* End PBXFrameworksBuildPhase section */

/* Begin PBXGroup section */
		43B5FBAC1B25A5F10065DC85 = {
			isa = PBXGroup;
			children = (
				43B5FBB71B25A5F10065DC85 /* DownloadWebContent */,
				43B5FBCD1B25A5F20065DC85 /* DownloadWebContentTests */,
				43B5FBB61B25A5F10065DC85 /* Products */,
			);
			sourceTree = "<group>";
		};
		43B5FBB61B25A5F10065DC85 /* Products */ = {
			isa = PBXGroup;
			children = (
				43B5FBB51B25A5F10065DC85 /* DownloadWebContent.app */,
				43B5FBCA1B25A5F20065DC85 /* DownloadWebContentTests.xctest */,
			);
			name = Products;
			sourceTree = "<group>";
		};
		43B5FBB71B25A5F10065DC85 /* DownloadWebContent */ = {
			isa = PBXGroup;
			children = (
				43B5FBBA1B25A5F10065DC85 /* AppDelegate.swift */,
				43B5FBBC1B25A5F10065DC85 /* ViewController.swift */,
				43B5FBBE1B25A5F10065DC85 /* Main.storyboard */,
				43B5FBC11B25A5F10065DC85 /* Images.xcassets */,
				43B5FBC31B25A5F10065DC85 /* LaunchScreen.xib */,
				43B5FBB81B25A5F10065DC85 /* Supporting Files */,
			);
			path = DownloadWebContent;
			sourceTree = "<group>";
		};
		43B5FBB81B25A5F10065DC85 /* Supporting Files */ = {
			isa = PBXGroup;
			children = (
				43B5FBB91B25A5F10065DC85 /* Info.plist */,
			);
			name = "Supporting Files";
			sourceTree = "<group>";
		};
		43B5FBCD1B25A5F20065DC85 /* DownloadWebContentTests */ = {
			isa = PBXGroup;
			children = (
				43B5FBD01B25A5F20065DC85 /* DownloadWebContentTests.swift */,
				43B5FBCE1B25A5F20065DC85 /* Supporting Files */,
			);
			path = DownloadWebContentTests;
			sourceTree = "<group>";
		};
		43B5FBCE1B25A5F20065DC85 /* Supporting Files */ = {
			isa = PBXGroup;
			children = (
				43B5FBCF1B25A5F20065DC85 /* Info.plist */,
			);
			name = "Supporting Files";
			sourceTree = "<group>";
		};
/* End PBXGroup section */

/* Begin PBXNativeTarget section */
		43B5FBB41B25A5F10065DC85 /* DownloadWebContent */ = {
			isa = PBXNativeTarget;
			buildConfigurationList = 43B5FBD41B25A5F20065DC85 /* Build configuration list for PBXNativeTarget "DownloadWebContent" */;
			buildPhases = (
				43B5FBB11B25A5F10065DC85 /* Sources */,
				43B5FBB21B25A5F10065DC85 /* Frameworks */,
				43B5FBB31B25A5F10065DC85 /* Resources */,
			);
			buildRules = (
			);
			dependencies = (
			);
			name = DownloadWebContent;
			productName = DownloadWebContent;
			productReference = 43B5FBB51B25A5F10065DC85 /* DownloadWebContent.app */;
			productType = "com.apple.product-type.application";
		};
		43B5FBC91B25A5F20065DC85 /* DownloadWebContentTests */ = {
			isa = PBXNativeTarget;
			buildConfigurationList = 43B5FBD71B25A5F20065DC85 /* Build configuration list for PBXNativeTarget "DownloadWebContentTests" */;
			buildPhases = (
				43B5FBC61B25A5F20065DC85 /* Sources */,
				43B5FBC71B25A5F20065DC85 /* Frameworks */,
				43B5FBC81B25A5F20065DC85 /* Resources */,
			);
			buildRules = (
			);
			dependencies = (
				43B5FBCC1B25A5F20065DC85 /* PBXTargetDependency */,
			);
			name = DownloadWebContentTests;
			productName = DownloadWebContentTests;
			productReference = 43B5FBCA1B25A5F20065DC85 /* DownloadWebContentTests.xctest */;
			productType = "com.apple.product-type.bundle.unit-test";
		};
/* End PBXNativeTarget section */

/* Begin PBXProject section */
		43B5FBAD1B25A5F10065DC85 /* Project object */ = {
			isa = PBXProject;
			attributes = {
				LastUpgradeCheck = 0630;
				ORGANIZATIONNAME = "Seo Yoochan";
				TargetAttributes = {
					43B5FBB41B25A5F10065DC85 = {
						CreatedOnToolsVersion = 6.3.2;
					};
					43B5FBC91B25A5F20065DC85 = {
						CreatedOnToolsVersion = 6.3.2;
						TestTargetID = 43B5FBB41B25A5F10065DC85;
					};
				};
			};
			buildConfigurationList = 43B5FBB01B25A5F10065DC85 /* Build configuration list for PBXProject "DownloadWebContent" */;
			compatibilityVersion = "Xcode 3.2";
			developmentRegion = English;
			hasScannedForEncodings = 0;
			knownRegions = (
				en,
				Base,
			);
			mainGroup = 43B5FBAC1B25A5F10065DC85;
			productRefGroup = 43B5FBB61B25A5F10065DC85 /* Products */;
			projectDirPath = "";
			projectRoot = "";
			targets = (
				43B5FBB41B25A5F10065DC85 /* DownloadWebContent */,
				43B5FBC91B25A5F20065DC85 /* DownloadWebContentTests */,
			);
		};
/* End PBXProject section */

/* Begin PBXResourcesBuildPhase section */
		43B5FBB31B25A5F10065DC85 /* Resources */ = {
			isa = PBXResourcesBuildPhase;
			buildActionMask = 2147483647;
			files = (
				43B5FBC01B25A5F10065DC85 /* Main.storyboard in Resources */,
				43B5FBC51B25A5F10065DC85 /* LaunchScreen.xib in Resources */,
				43B5FBC21B25A5F10065DC85 /* Images.xcassets in Resources */,
			);
			runOnlyForDeploymentPostprocessing = 0;
		};
		43B5FBC81B25A5F20065DC85 /* Resources */ = {
			isa = PBXResourcesBuildPhase;
			buildActionMask = 2147483647;
			files = (
			);
			runOnlyForDeploymentPostprocessing = 0;
		};
/* End PBXResourcesBuildPhase section */

/* Begin PBXSourcesBuildPhase section */
		43B5FBB11B25A5F10065DC85 /* Sources */ = {
			isa = PBXSourcesBuildPhase;
			buildActionMask = 2147483647;
			files = (
				43B5FBBD1B25A5F10065DC85 /* ViewController.swift in Sources */,
				43B5FBBB1B25A5F10065DC85 /* AppDelegate.swift in Sources */,
			);
			runOnlyForDeploymentPostprocessing = 0;
		};
		43B5FBC61B25A5F20065DC85 /* Sources */ = {
			isa = PBXSourcesBuildPhase;
			buildActionMask = 2147483647;
			files = (
				43B5FBD11B25A5F20065DC85 /* DownloadWebContentTests.swift in Sources */,
			);
			runOnlyForDeploymentPostprocessing = 0;
		};
/* End PBXSourcesBuildPhase section */

/* Begin PBXTargetDependency section */
		43B5FBCC1B25A5F20065DC85 /* PBXTargetDependency */ = {
			isa = PBXTargetDependency;
			target = 43B5FBB41B25A5F10065DC85 /* DownloadWebContent */;
			targetProxy = 43B5FBCB1B25A5F20065DC85 /* PBXContainerItemProxy */;
		};
/* End PBXTargetDependency section */

/* Begin PBXVariantGroup section */
		43B5FBBE1B25A5F10065DC85 /* Main.storyboard */ = {
			isa = PBXVariantGroup;
			children = (
				43B5FBBF1B25A5F10065DC85 /* Base */,
			);
			name = Main.storyboard;
			sourceTree = "<group>";
		};
		43B5FBC31B25A5F10065DC85 /* LaunchScreen.xib */ = {
			isa = PBXVariantGroup;
			children = (
				43B5FBC41B25A5F10065DC85 /* Base */,
			);
			name = LaunchScreen.xib;
			sourceTree = "<group>";
		};
/* End PBXVariantGroup section */

/* Begin XCBuildConfiguration section */
		43B5FBD21B25A5F20065DC85 /* Debug */ = {
			isa = XCBuildConfiguration;
			buildSettings = {
				ALWAYS_SEARCH_USER_PATHS = NO;
				CLANG_CXX_LANGUAGE_STANDARD = "gnu++0x";
				CLANG_CXX_LIBRARY = "libc++";
				CLANG_ENABLE_MODULES = YES;
				CLANG_ENABLE_OBJC_ARC = YES;
				CLANG_WARN_BOOL_CONVERSION = YES;
				CLANG_WARN_CONSTANT_CONVERSION = YES;
				CLANG_WARN_DIRECT_OBJC_ISA_USAGE = YES_ERROR;
				CLANG_WARN_EMPTY_BODY = YES;
				CLANG_WARN_ENUM_CONVERSION = YES;
				CLANG_WARN_INT_CONVERSION = YES;
				CLANG_WARN_OBJC_ROOT_CLASS = YES_ERROR;
				CLANG_WARN_UNREACHABLE_CODE = YES;
				CLANG_WARN__DUPLICATE_METHOD_MATCH = YES;
				"CODE_SIGN_IDENTITY[sdk=iphoneos*]" = "iPhone Developer";
				COPY_PHASE_STRIP = NO;
				DEBUG_INFORMATION_FORMAT = "dwarf-with-dsym";
				ENABLE_STRICT_OBJC_MSGSEND = YES;
				GCC_C_LANGUAGE_STANDARD = gnu99;
				GCC_DYNAMIC_NO_PIC = NO;
				GCC_NO_COMMON_BLOCKS = YES;
				GCC_OPTIMIZATION_LEVEL = 0;
				GCC_PREPROCESSOR_DEFINITIONS = (
					"DEBUG=1",
					"$(inherited)",
				);
				GCC_SYMBOLS_PRIVATE_EXTERN = NO;
				GCC_WARN_64_TO_32_BIT_CONVERSION = YES;
				GCC_WARN_ABOUT_RETURN_TYPE = YES_ERROR;
				GCC_WARN_UNDECLARED_SELECTOR = YES;
				GCC_WARN_UNINITIALIZED_AUTOS = YES_AGGRESSIVE;
				GCC_WARN_UNUSED_FUNCTION = YES;
				GCC_WARN_UNUSED_VARIABLE = YES;
				IPHONEOS_DEPLOYMENT_TARGET = 8.3;
				MTL_ENABLE_DEBUG_INFO = YES;
				ONLY_ACTIVE_ARCH = YES;
				SDKROOT = iphoneos;
				SWIFT_OPTIMIZATION_LEVEL = "-Onone";
			};
			name = Debug;
		};
		43B5FBD31B25A5F20065DC85 /* Release */ = {
			isa = XCBuildConfiguration;
			buildSettings = {
				ALWAYS_SEARCH_USER_PATHS = NO;
				CLANG_CXX_LANGUAGE_STANDARD = "gnu++0x";
				CLANG_CXX_LIBRARY = "libc++";
				CLANG_ENABLE_MODULES = YES;
				CLANG_ENABLE_OBJC_ARC = YES;
				CLANG_WARN_BOOL_CONVERSION = YES;
				CLANG_WARN_CONSTANT_CONVERSION = YES;
				CLANG_WARN_DIRECT_OBJC_ISA_USAGE = YES_ERROR;
				CLANG_WARN_EMPTY_BODY = YES;
				CLANG_WARN_ENUM_CONVERSION = YES;
				CLANG_WARN_INT_CONVERSION = YES;
				CLANG_WARN_OBJC_ROOT_CLASS = YES_ERROR;
				CLANG_WARN_UNREACHABLE_CODE = YES;
				CLANG_WARN__DUPLICATE_METHOD_MATCH = YES;
				"CODE_SIGN_IDENTITY[sdk=iphoneos*]" = "iPhone Developer";
				COPY_PHASE_STRIP = NO;
				DEBUG_INFORMATION_FORMAT = "dwarf-with-dsym";
				ENABLE_NS_ASSERTIONS = NO;
				ENABLE_STRICT_OBJC_MSGSEND = YES;
				GCC_C_LANGUAGE_STANDARD = gnu99;
				GCC_NO_COMMON_BLOCKS = YES;
				GCC_WARN_64_TO_32_BIT_CONVERSION = YES;
				GCC_WARN_ABOUT_RETURN_TYPE = YES_ERROR;
				GCC_WARN_UNDECLARED_SELECTOR = YES;
				GCC_WARN_UNINITIALIZED_AUTOS = YES_AGGRESSIVE;
				GCC_WARN_UNUSED_FUNCTION = YES;
				GCC_WARN_UNUSED_VARIABLE = YES;
				IPHONEOS_DEPLOYMENT_TARGET = 8.3;
				MTL_ENABLE_DEBUG_INFO = NO;
				SDKROOT = iphoneos;
				VALIDATE_PRODUCT = YES;
			};
			name = Release;
		};
		43B5FBD51B25A5F20065DC85 /* Debug */ = {
			isa = XCBuildConfiguration;
			buildSettings = {
				ASSETCATALOG_COMPILER_APPICON_NAME = AppIcon;
				INFOPLIST_FILE = DownloadWebContent/Info.plist;
				LD_RUNPATH_SEARCH_PATHS = "$(inherited) @executable_path/Frameworks";
				PRODUCT_NAME = "$(TARGET_NAME)";
			};
			name = Debug;
		};
		43B5FBD61B25A5F20065DC85 /* Release */ = {
			isa = XCBuildConfiguration;
			buildSettings = {
				ASSETCATALOG_COMPILER_APPICON_NAME = AppIcon;
				INFOPLIST_FILE = DownloadWebContent/Info.plist;
				LD_RUNPATH_SEARCH_PATHS = "$(inherited) @executable_path/Frameworks";
				PRODUCT_NAME = "$(TARGET_NAME)";
			};
			name = Release;
		};
		43B5FBD81B25A5F20065DC85 /* Debug */ = {
			isa = XCBuildConfiguration;
			buildSettings = {
				BUNDLE_LOADER = "$(TEST_HOST)";
				FRAMEWORK_SEARCH_PATHS = (
					"$(SDKROOT)/Developer/Library/Frameworks",
					"$(inherited)",
				);
				GCC_PREPROCESSOR_DEFINITIONS = (
					"DEBUG=1",
					"$(inherited)",
				);
				INFOPLIST_FILE = DownloadWebContentTests/Info.plist;
				LD_RUNPATH_SEARCH_PATHS = "$(inherited) @executable_path/Frameworks @loader_path/Frameworks";
				PRODUCT_NAME = "$(TARGET_NAME)";
				TEST_HOST = "$(BUILT_PRODUCTS_DIR)/DownloadWebContent.app/DownloadWebContent";
			};
			name = Debug;
		};
		43B5FBD91B25A5F20065DC85 /* Release */ = {
			isa = XCBuildConfiguration;
			buildSettings = {
				BUNDLE_LOADER = "$(TEST_HOST)";
				FRAMEWORK_SEARCH_PATHS = (
					"$(SDKROOT)/Developer/Library/Frameworks",
					"$(inherited)",
				);
				INFOPLIST_FILE = DownloadWebContentTests/Info.plist;
				LD_RUNPATH_SEARCH_PATHS = "$(inherited) @executable_path/Frameworks @loader_path/Frameworks";
				PRODUCT_NAME = "$(TARGET_NAME)";
				TEST_HOST = "$(BUILT_PRODUCTS_DIR)/DownloadWebContent.app/DownloadWebContent";
			};
			name = Release;
		};
/* End XCBuildConfiguration section */

/* Begin XCConfigurationList section */
		43B5FBB01B25A5F10065DC85 /* Build configuration list for PBXProject "DownloadWebContent" */ = {
			isa = XCConfigurationList;
			buildConfigurations = (
				43B5FBD21B25A5F20065DC85 /* Debug */,
				43B5FBD31B25A5F20065DC85 /* Release */,
			);
			defaultConfigurationIsVisible = 0;
			defaultConfigurationName = Release;
		};
		43B5FBD41B25A5F20065DC85 /* Build configuration list for PBXNativeTarget "DownloadWebContent" */ = {
			isa = XCConfigurationList;
			buildConfigurations = (
				43B5FBD51B25A5F20065DC85 /* Debug */,
				43B5FBD61B25A5F20065DC85 /* Release */,
			);
			defaultConfigurationIsVisible = 0;
		};
		43B5FBD71B25A5F20065DC85 /* Build configuration list for PBXNativeTarget "DownloadWebContentTests" */ = {
			isa = XCConfigurationList;
			buildConfigurations = (
				43B5FBD81B25A5F20065DC85 /* Debug */,
				43B5FBD91B25A5F20065DC85 /* Release */,
			);
			defaultConfigurationIsVisible = 0;
		};
/* End XCConfigurationList section */
	};
	rootObject = 43B5FBAD1B25A5F10065DC85 /* Project object */;
}
